{
  "name": "01WRLC_SCF-SCF_DEV",
  "version": "1.0.0",
  "lockfileVersion": 1,
  "requires": true,
  "dependencies": {
    "primo-explore-libraryh3lp-widget": {
      "version": "1.0.2",
      "resolved": "https://registry.npmjs.org/primo-explore-libraryh3lp-widget/-/primo-explore-libraryh3lp-widget-1.0.2.tgz",
      "integrity": "sha512-iu1pbV3lS9rzkbCVpQfTeYvoO16mCkT1F3x1mwvBCFmiKgDsEWIWr9U53UQMyj+a7URiBbDEX7KkHpOEhPklFA==",
      "dev": true
    }
  }
}
